
Microsoft Visual Studio Solution File, Format Version 12.00
# Visual Studio Version 16
VisualStudioVersion = 16.0.29306.81
MinimumVisualStudioVersion = 10.0.40219.1
Project("{F184B08F-C81C-45F6-A57F-5ABD9991F28F}") = "10JonathanDoolittleDrawing", "src\10JonathanDoolittleDrawing.vbproj", "{FF3D584C-B971-4910-855F-3D3423FDAA5E}"
EndProject
Global
	GlobalSection(SolutionConfigurationPlatforms) = preSolution
		Debug|Any CPU = Debug|Any CPU
		Release|Any CPU = Release|Any CPU
	EndGlobalSection
	GlobalSection(ProjectConfigurationPlatforms) = postSolution
		{FF3D584C-B971-4910-855F-3D3423FDAA5E}.Debug|Any CPU.ActiveCfg = Debug|Any CPU
		{FF3D584C-B971-4910-855F-3D3423FDAA5E}.Debug|Any CPU.Build.0 = Debug|Any CPU
		{FF3D584C-B971-4910-855F-3D3423FDAA5E}.Release|Any CPU.ActiveCfg = Release|Any CPU
		{FF3D584C-B971-4910-855F-3D3423FDAA5E}.Release|Any CPU.Build.0 = Release|Any CPU
	EndGlobalSection
	GlobalSection(SolutionProperties) = preSolution
		HideSolutionNode = FALSE
	EndGlobalSection
	GlobalSection(ExtensibilityGlobals) = postSolution
		SolutionGuid = {2E258087-29DE-4404-AD41-9BD352EFACF3}
	EndGlobalSection
EndGlobal
